
Microsoft Visual Studio Solution File, Format Version 12.00
# Visual Studio Version 16
VisualStudioVersion = 16.0.30413.136
MinimumVisualStudioVersion = 10.0.40219.1
Project("{FAE04EC0-301F-11D3-BF4B-00C04F79EFBC}") = "ConsoleApp12", "ConsoleApp12\ConsoleApp12.csproj", "{2AD84AFA-11C3-4239-B661-27D0F32F80D1}"
EndProject
Project("{FAE04EC0-301F-11D3-BF4B-00C04F79EFBC}") = "ClassLibrary1", "ClassLibrary1\ClassLibrary1.csproj", "{606002C1-0785-4AF6-8661-E44C39F66397}"
EndProject
Global
	GlobalSection(SolutionConfigurationPlatforms) = preSolution
		Debug|Any CPU = Debug|Any CPU
		Release|Any CPU = Release|Any CPU
	EndGlobalSection
	GlobalSection(ProjectConfigurationPlatforms) = postSolution
		{2AD84AFA-11C3-4239-B661-27D0F32F80D1}.Debug|Any CPU.ActiveCfg = Debug|Any CPU
		{2AD84AFA-11C3-4239-B661-27D0F32F80D1}.Debug|Any CPU.Build.0 = Debug|Any CPU
		{2AD84AFA-11C3-4239-B661-27D0F32F80D1}.Release|Any CPU.ActiveCfg = Release|Any CPU
		{2AD84AFA-11C3-4239-B661-27D0F32F80D1}.Release|Any CPU.Build.0 = Release|Any CPU
		{606002C1-0785-4AF6-8661-E44C39F66397}.Debug|Any CPU.ActiveCfg = Debug|Any CPU
		{606002C1-0785-4AF6-8661-E44C39F66397}.Debug|Any CPU.Build.0 = Debug|Any CPU
		{606002C1-0785-4AF6-8661-E44C39F66397}.Release|Any CPU.ActiveCfg = Release|Any CPU
		{606002C1-0785-4AF6-8661-E44C39F66397}.Release|Any CPU.Build.0 = Release|Any CPU
	EndGlobalSection
	GlobalSection(SolutionProperties) = preSolution
		HideSolutionNode = FALSE
	EndGlobalSection
	GlobalSection(ExtensibilityGlobals) = postSolution
		SolutionGuid = {FE050A93-CA34-489A-89CF-7A4C6DC2FA4F}
	EndGlobalSection
EndGlobal
