
Microsoft Visual Studio Solution File, Format Version 12.00
# Visual Studio Version 17
VisualStudioVersion = 17.7.34024.191
MinimumVisualStudioVersion = 10.0.40219.1
Project("{FAE04EC0-301F-11D3-BF4B-00C04F79EFBC}") = "Zadanie", "Zadanie\Zadanie.csproj", "{8FA06CA4-A9D5-4629-B888-8D5BF1990A85}"
EndProject
Global
	GlobalSection(SolutionConfigurationPlatforms) = preSolution
		Debug|Any CPU = Debug|Any CPU
		Release|Any CPU = Release|Any CPU
	EndGlobalSection
	GlobalSection(ProjectConfigurationPlatforms) = postSolution
		{8FA06CA4-A9D5-4629-B888-8D5BF1990A85}.Debug|Any CPU.ActiveCfg = Debug|Any CPU
		{8FA06CA4-A9D5-4629-B888-8D5BF1990A85}.Debug|Any CPU.Build.0 = Debug|Any CPU
		{8FA06CA4-A9D5-4629-B888-8D5BF1990A85}.Release|Any CPU.ActiveCfg = Release|Any CPU
		{8FA06CA4-A9D5-4629-B888-8D5BF1990A85}.Release|Any CPU.Build.0 = Release|Any CPU
	EndGlobalSection
	GlobalSection(SolutionProperties) = preSolution
		HideSolutionNode = FALSE
	EndGlobalSection
	GlobalSection(ExtensibilityGlobals) = postSolution
		SolutionGuid = {55A8D0E3-6E56-4B61-9CC6-3E91222FFA0A}
	EndGlobalSection
EndGlobal
